
Microsoft Visual Studio Solution File, Format Version 12.00
# Visual Studio Version 16
VisualStudioVersion = 16.0.29209.152
MinimumVisualStudioVersion = 10.0.40219.1
Project("{FAE04EC0-301F-11D3-BF4B-00C04F79EFBC}") = "FunWithArrays", "FunWithArrays\FunWithArrays.csproj", "{5E67FF03-A460-4931-96E8-4F4CE7824EBC}"
EndProject
Global
	GlobalSection(SolutionConfigurationPlatforms) = preSolution
		Debug|Any CPU = Debug|Any CPU
		Release|Any CPU = Release|Any CPU
	EndGlobalSection
	GlobalSection(ProjectConfigurationPlatforms) = postSolution
		{5E67FF03-A460-4931-96E8-4F4CE7824EBC}.Debug|Any CPU.ActiveCfg = Debug|Any CPU
		{5E67FF03-A460-4931-96E8-4F4CE7824EBC}.Debug|Any CPU.Build.0 = Debug|Any CPU
		{5E67FF03-A460-4931-96E8-4F4CE7824EBC}.Release|Any CPU.ActiveCfg = Release|Any CPU
		{5E67FF03-A460-4931-96E8-4F4CE7824EBC}.Release|Any CPU.Build.0 = Release|Any CPU
	EndGlobalSection
	GlobalSection(SolutionProperties) = preSolution
		HideSolutionNode = FALSE
	EndGlobalSection
	GlobalSection(ExtensibilityGlobals) = postSolution
		SolutionGuid = {4613C7BC-F40B-4453-B439-307840EB488F}
	EndGlobalSection
EndGlobal
